
Microsoft Visual Studio Solution File, Format Version 12.00
# Visual Studio 15
VisualStudioVersion = 15.0.28307.168
MinimumVisualStudioVersion = 10.0.40219.1
Project("{9A19103F-16F7-4668-BE54-9A1E7A4F7556}") = "CoreAPI.Bussiness", "CoreAPI.Bussiness\CoreAPI.Bussiness.csproj", "{C11DDB90-D238-47F8-9BD3-D366AD6FE80D}"
EndProject
Project("{9A19103F-16F7-4668-BE54-9A1E7A4F7556}") = "CoreAPI.IService", "CoreAPI.IService\CoreAPI.IService.csproj", "{48B1F6AF-2DC8-4AFB-B0BD-AD43EA607436}"
EndProject
Project("{9A19103F-16F7-4668-BE54-9A1E7A4F7556}") = "CoreAPI.Model", "CoreAPI.Model\CoreAPI.Model.csproj", "{050AE8CA-7452-44B3-A808-25A327AAA282}"
EndProject
Project("{9A19103F-16F7-4668-BE54-9A1E7A4F7556}") = "CoreAPI.Service", "CoreAPI.Service\CoreAPI.Service.csproj", "{1A146D36-052C-4933-B830-AE69324FCAE2}"
EndProject
Project("{9A19103F-16F7-4668-BE54-9A1E7A4F7556}") = "SqlSugar", "SqlSugar\SqlSugar.csproj", "{E35D14E5-46BD-4928-830C-16BBFABD6144}"
EndProject
Project("{9A19103F-16F7-4668-BE54-9A1E7A4F7556}") = "CoreAPI", "CoreAPI\CoreAPI.csproj", "{1CF621C2-C563-4AA5-AEBA-CD6F0E2119BF}"
EndProject
Project("{9A19103F-16F7-4668-BE54-9A1E7A4F7556}") = "CoreAPI.Entity", "CoreAPI.Entity\CoreAPI.Entity.csproj", "{8660AA0E-8A2C-4132-B6BF-6CAA97D96566}"
EndProject
Project("{FAE04EC0-301F-11D3-BF4B-00C04F79EFBC}") = "CoreAPI.Token", "CoreAPI.Token\CoreAPI.Token.csproj", "{DBC4176E-D244-4C2B-88A2-DFF887C6C2E0}"
EndProject
Project("{2150E333-8FDC-42A3-9474-1A3956D46DE8}") = "Service", "Service", "{EFCBB512-A3EF-43DB-BBF6-CBC6FE1FA260}"
EndProject
Project("{2150E333-8FDC-42A3-9474-1A3956D46DE8}") = "API", "API", "{71E849F7-8FF8-4AD6-A483-E215096E54FC}"
EndProject
Project("{2150E333-8FDC-42A3-9474-1A3956D46DE8}") = "Common", "Common", "{B4642272-81AB-42B3-88C6-5C6B69A5F836}"
EndProject
Global
	GlobalSection(SolutionConfigurationPlatforms) = preSolution
		Debug|Any CPU = Debug|Any CPU
		Release|Any CPU = Release|Any CPU
	EndGlobalSection
	GlobalSection(ProjectConfigurationPlatforms) = postSolution
		{C11DDB90-D238-47F8-9BD3-D366AD6FE80D}.Debug|Any CPU.ActiveCfg = Debug|Any CPU
		{C11DDB90-D238-47F8-9BD3-D366AD6FE80D}.Debug|Any CPU.Build.0 = Debug|Any CPU
		{C11DDB90-D238-47F8-9BD3-D366AD6FE80D}.Release|Any CPU.ActiveCfg = Release|Any CPU
		{C11DDB90-D238-47F8-9BD3-D366AD6FE80D}.Release|Any CPU.Build.0 = Release|Any CPU
		{48B1F6AF-2DC8-4AFB-B0BD-AD43EA607436}.Debug|Any CPU.ActiveCfg = Debug|Any CPU
		{48B1F6AF-2DC8-4AFB-B0BD-AD43EA607436}.Debug|Any CPU.Build.0 = Debug|Any CPU
		{48B1F6AF-2DC8-4AFB-B0BD-AD43EA607436}.Release|Any CPU.ActiveCfg = Release|Any CPU
		{48B1F6AF-2DC8-4AFB-B0BD-AD43EA607436}.Release|Any CPU.Build.0 = Release|Any CPU
		{050AE8CA-7452-44B3-A808-25A327AAA282}.Debug|Any CPU.ActiveCfg = Debug|Any CPU
		{050AE8CA-7452-44B3-A808-25A327AAA282}.Debug|Any CPU.Build.0 = Debug|Any CPU
		{050AE8CA-7452-44B3-A808-25A327AAA282}.Release|Any CPU.ActiveCfg = Release|Any CPU
		{050AE8CA-7452-44B3-A808-25A327AAA282}.Release|Any CPU.Build.0 = Release|Any CPU
		{1A146D36-052C-4933-B830-AE69324FCAE2}.Debug|Any CPU.ActiveCfg = Debug|Any CPU
		{1A146D36-052C-4933-B830-AE69324FCAE2}.Debug|Any CPU.Build.0 = Debug|Any CPU
		{1A146D36-052C-4933-B830-AE69324FCAE2}.Release|Any CPU.ActiveCfg = Release|Any CPU
		{1A146D36-052C-4933-B830-AE69324FCAE2}.Release|Any CPU.Build.0 = Release|Any CPU
		{E35D14E5-46BD-4928-830C-16BBFABD6144}.Debug|Any CPU.ActiveCfg = Debug|Any CPU
		{E35D14E5-46BD-4928-830C-16BBFABD6144}.Debug|Any CPU.Build.0 = Debug|Any CPU
		{E35D14E5-46BD-4928-830C-16BBFABD6144}.Release|Any CPU.ActiveCfg = Release|Any CPU
		{E35D14E5-46BD-4928-830C-16BBFABD6144}.Release|Any CPU.Build.0 = Release|Any CPU
		{1CF621C2-C563-4AA5-AEBA-CD6F0E2119BF}.Debug|Any CPU.ActiveCfg = Debug|Any CPU
		{1CF621C2-C563-4AA5-AEBA-CD6F0E2119BF}.Debug|Any CPU.Build.0 = Debug|Any CPU
		{1CF621C2-C563-4AA5-AEBA-CD6F0E2119BF}.Release|Any CPU.ActiveCfg = Release|Any CPU
		{1CF621C2-C563-4AA5-AEBA-CD6F0E2119BF}.Release|Any CPU.Build.0 = Release|Any CPU
		{8660AA0E-8A2C-4132-B6BF-6CAA97D96566}.Debug|Any CPU.ActiveCfg = Debug|Any CPU
		{8660AA0E-8A2C-4132-B6BF-6CAA97D96566}.Debug|Any CPU.Build.0 = Debug|Any CPU
		{8660AA0E-8A2C-4132-B6BF-6CAA97D96566}.Release|Any CPU.ActiveCfg = Release|Any CPU
		{8660AA0E-8A2C-4132-B6BF-6CAA97D96566}.Release|Any CPU.Build.0 = Release|Any CPU
		{DBC4176E-D244-4C2B-88A2-DFF887C6C2E0}.Debug|Any CPU.ActiveCfg = Debug|Any CPU
		{DBC4176E-D244-4C2B-88A2-DFF887C6C2E0}.Debug|Any CPU.Build.0 = Debug|Any CPU
		{DBC4176E-D244-4C2B-88A2-DFF887C6C2E0}.Release|Any CPU.ActiveCfg = Release|Any CPU
		{DBC4176E-D244-4C2B-88A2-DFF887C6C2E0}.Release|Any CPU.Build.0 = Release|Any CPU
	EndGlobalSection
	GlobalSection(SolutionProperties) = preSolution
		HideSolutionNode = FALSE
	EndGlobalSection
	GlobalSection(NestedProjects) = preSolution
		{C11DDB90-D238-47F8-9BD3-D366AD6FE80D} = {EFCBB512-A3EF-43DB-BBF6-CBC6FE1FA260}
		{48B1F6AF-2DC8-4AFB-B0BD-AD43EA607436} = {EFCBB512-A3EF-43DB-BBF6-CBC6FE1FA260}
		{050AE8CA-7452-44B3-A808-25A327AAA282} = {B4642272-81AB-42B3-88C6-5C6B69A5F836}
		{1A146D36-052C-4933-B830-AE69324FCAE2} = {EFCBB512-A3EF-43DB-BBF6-CBC6FE1FA260}
		{E35D14E5-46BD-4928-830C-16BBFABD6144} = {B4642272-81AB-42B3-88C6-5C6B69A5F836}
		{1CF621C2-C563-4AA5-AEBA-CD6F0E2119BF} = {71E849F7-8FF8-4AD6-A483-E215096E54FC}
		{8660AA0E-8A2C-4132-B6BF-6CAA97D96566} = {EFCBB512-A3EF-43DB-BBF6-CBC6FE1FA260}
		{DBC4176E-D244-4C2B-88A2-DFF887C6C2E0} = {B4642272-81AB-42B3-88C6-5C6B69A5F836}
	EndGlobalSection
	GlobalSection(ExtensibilityGlobals) = postSolution
		SolutionGuid = {F615D289-5E86-41D1-9319-8FABD4D1BD6A}
	EndGlobalSection
EndGlobal
